[{<<"cowboy">>,
  {git,"https://github.com/ninenines/cowboy",
       {ref,"8d49ae3dda5b4274e55d2f4e5a5b4da0515b5a10"}},
  0},
 {<<"cowlib">>,
  {git,"https://github.com/ninenines/cowlib",
       {ref,"b3cafd4fb5520bdc2018f4b5f9c94bb47cd69485"}},
  1},
 {<<"gun">>,
  {git,"https://github.com/ninenines/gun",
       {ref,"eb84f7ecab15dbcd5fd64d45e236a47b17b6b20e"}},
  0},
 {<<"json">>,
  {git,"https://github.com/yegortimoshenko/json",
       {ref,"9f95abb4aca606e51089252fde330d3952c497e3"}},
  0},
 {<<"ranch">>,
  {git,"https://github.com/ninenines/ranch",
       {ref,"8eaae552ec520605b7f4b0e5943256d2b5e3621c"}},
  1}].
